{
  "name": "api-test-framework",
  "version": "1.0.0",
  "lockfileVersion": 1,
  "requires": true,
  "dependencies": {
    "@bahmutov/cy-api": {
      "version": "1.5.0",
      "resolved": "https://registry.npmjs.org/@bahmutov/cy-api/-/cy-api-1.5.0.tgz",
      "integrity": "sha512-N1pBawxcwXyDpJx0qwd78k/6yFEyHWVC71N7n78Rnaegs3LR1Z0odZJrKurpb56JFaP4abNm6EONXEEi5boMmQ==",
      "dev": true,
      "requires": {
        "common-tags": "1.8.0"
      }
    },
    "common-tags": {
      "version": "1.8.0",
      "resolved": "https://registry.npmjs.org/common-tags/-/common-tags-1.8.0.tgz",
      "integrity": "sha512-6P6g0uetGpW/sdyUy/iQQCbFF0kWVMSIVSyYz7Zgjcgh8mgw8PQzDNZeyZ5DQ2gM7LBoZPHmnjz8rUthkBG5tw==",
      "dev": true
    }
  }
}
